
Microsoft Visual Studio Solution File, Format Version 12.00
# Visual Studio 14
VisualStudioVersion = 14.0.25420.1
MinimumVisualStudioVersion = 10.0.40219.1
Project("{FAE04EC0-301F-11D3-BF4B-00C04F79EFBC}") = "WidgetDashboardDNF.WebHost", "WidgetDashboardDNF.WebHost\WidgetDashboardDNF.WebHost.csproj", "{25FEF0F5-00B9-450A-850A-4F749BC6CD14}"
EndProject
Project("{FAE04EC0-301F-11D3-BF4B-00C04F79EFBC}") = "WidgetDashboardDNF.WidgetAPI", "WidgetDashboardDNF.WidgetAPI\WidgetDashboardDNF.WidgetAPI.csproj", "{6C87124E-99EB-4845-83B1-F43AA6DBFE9F}"
EndProject
Project("{2150E333-8FDC-42A3-9474-1A3956D46DE8}") = "Widgets", "Widgets", "{1145F2CB-336A-4F9D-8277-7BAD7C071AA8}"
EndProject
Project("{FAE04EC0-301F-11D3-BF4B-00C04F79EFBC}") = "DashboardWidget", "DashboardWidget\DashboardWidget.csproj", "{B927695A-BC3F-4D48-82D4-9B4BB7C84618}"
EndProject
Global
	GlobalSection(SolutionConfigurationPlatforms) = preSolution
		Debug|Any CPU = Debug|Any CPU
		Release|Any CPU = Release|Any CPU
	EndGlobalSection
	GlobalSection(ProjectConfigurationPlatforms) = postSolution
		{25FEF0F5-00B9-450A-850A-4F749BC6CD14}.Debug|Any CPU.ActiveCfg = Debug|Any CPU
		{25FEF0F5-00B9-450A-850A-4F749BC6CD14}.Debug|Any CPU.Build.0 = Debug|Any CPU
		{25FEF0F5-00B9-450A-850A-4F749BC6CD14}.Release|Any CPU.ActiveCfg = Release|Any CPU
		{25FEF0F5-00B9-450A-850A-4F749BC6CD14}.Release|Any CPU.Build.0 = Release|Any CPU
		{6C87124E-99EB-4845-83B1-F43AA6DBFE9F}.Debug|Any CPU.ActiveCfg = Debug|Any CPU
		{6C87124E-99EB-4845-83B1-F43AA6DBFE9F}.Debug|Any CPU.Build.0 = Debug|Any CPU
		{6C87124E-99EB-4845-83B1-F43AA6DBFE9F}.Release|Any CPU.ActiveCfg = Release|Any CPU
		{6C87124E-99EB-4845-83B1-F43AA6DBFE9F}.Release|Any CPU.Build.0 = Release|Any CPU
		{B927695A-BC3F-4D48-82D4-9B4BB7C84618}.Debug|Any CPU.ActiveCfg = Debug|Any CPU
		{B927695A-BC3F-4D48-82D4-9B4BB7C84618}.Debug|Any CPU.Build.0 = Debug|Any CPU
		{B927695A-BC3F-4D48-82D4-9B4BB7C84618}.Release|Any CPU.ActiveCfg = Release|Any CPU
		{B927695A-BC3F-4D48-82D4-9B4BB7C84618}.Release|Any CPU.Build.0 = Release|Any CPU
	EndGlobalSection
	GlobalSection(SolutionProperties) = preSolution
		HideSolutionNode = FALSE
	EndGlobalSection
	GlobalSection(NestedProjects) = preSolution
		{B927695A-BC3F-4D48-82D4-9B4BB7C84618} = {1145F2CB-336A-4F9D-8277-7BAD7C071AA8}
	EndGlobalSection
EndGlobal
